{
  "name": "@sixnetwork/caverjs-react-abstract-connector",
  "version": "1.0.4",
  "lockfileVersion": 2,
  "requires": true,
  "packages": {
    "": {
      "name": "@sixnetwork/caverjs-react-abstract-connector",
      "version": "1.0.4",
      "license": "GPL-3.0-or-later",
      "dependencies": {
        "@sixnetwork/caverjs-react-types": "^1.0.3"
      }
    },
    "node_modules/@sixnetwork/caverjs-react-types": {
      "version": "1.0.3",
      "resolved": "https://registry.npmjs.org/@sixnetwork/caverjs-react-types/-/caverjs-react-types-1.0.3.tgz",
      "integrity": "sha512-0A09AIhxypZ4qvsSE9EGsQPgzpuLRtf644xV/JDkpA7j1HhAcH3lZ/Lb0SOxiipHi9T6U/phAZLdRrL9euH/1w=="
    }
  },
  "dependencies": {
    "@sixnetwork/caverjs-react-types": {
      "version": "1.0.3",
      "resolved": "https://registry.npmjs.org/@sixnetwork/caverjs-react-types/-/caverjs-react-types-1.0.3.tgz",
      "integrity": "sha512-0A09AIhxypZ4qvsSE9EGsQPgzpuLRtf644xV/JDkpA7j1HhAcH3lZ/Lb0SOxiipHi9T6U/phAZLdRrL9euH/1w=="
    }
  }
}
