{
  "name": "@sixnetwork/caverjs-react-abstract-connector",
  "version": "1.0.3",
  "lockfileVersion": 2,
  "requires": true,
  "packages": {
    "": {
      "name": "@sixnetwork/caverjs-react-abstract-connector",
      "version": "1.0.3",
      "license": "GPL-3.0-or-later",
      "dependencies": {
        "@sixnetwork/caverjs-react-types": "^1.0.2"
      }
    },
    "node_modules/@sixnetwork/caverjs-react-types": {
      "version": "1.0.2",
      "resolved": "https://registry.npmjs.org/@sixnetwork/caverjs-react-types/-/caverjs-react-types-1.0.2.tgz",
      "integrity": "sha512-8eINbxxA9WXDr0ywuA+qtOQz28HA80qHgj+E7JXQOMA1OzkhCYbi562Q5nwWqILNqieGODP9EbpCBn+t4lmMeg=="
    }
  },
  "dependencies": {
    "@sixnetwork/caverjs-react-types": {
      "version": "1.0.2",
      "resolved": "https://registry.npmjs.org/@sixnetwork/caverjs-react-types/-/caverjs-react-types-1.0.2.tgz",
      "integrity": "sha512-8eINbxxA9WXDr0ywuA+qtOQz28HA80qHgj+E7JXQOMA1OzkhCYbi562Q5nwWqILNqieGODP9EbpCBn+t4lmMeg=="
    }
  }
}
