{
  "name": "@kanthakarn-test/caverjs-react-abstract-connector",
  "version": "1.0.0",
  "lockfileVersion": 2,
  "requires": true,
  "packages": {
    "": {
      "name": "@kanthakarn-test/caverjs-react-abstract-connector",
      "version": "1.0.0",
      "license": "GPL-3.0-or-later",
      "dependencies": {
        "@kanthakarn-test/caverjs-react-types": "^1.0.0"
      }
    },
    "node_modules/@kanthakarn-test/caverjs-react-types": {
      "version": "1.0.0",
      "resolved": "https://registry.npmjs.org/@kanthakarn-test/caverjs-react-types/-/caverjs-react-types-1.0.0.tgz",
      "integrity": "sha512-CTYngKJO5iqq/E1QkLDUwpw+JMriot8uc2yIzo1RXhnImLJ7w8UL+b0DjQEN1VotN5KEFpaSXaV19TOoKoPphw=="
    }
  },
  "dependencies": {
    "@kanthakarn-test/caverjs-react-types": {
      "version": "1.0.0",
      "resolved": "https://registry.npmjs.org/@kanthakarn-test/caverjs-react-types/-/caverjs-react-types-1.0.0.tgz",
      "integrity": "sha512-CTYngKJO5iqq/E1QkLDUwpw+JMriot8uc2yIzo1RXhnImLJ7w8UL+b0DjQEN1VotN5KEFpaSXaV19TOoKoPphw=="
    }
  }
}
