# THIS IS AN AUTOGENERATED FILE. DO NOT EDIT THIS FILE DIRECTLY.
# yarn lockfile v1


"@sixnetwork/caverjs-react-types@^1.0.1":
  version "1.0.1"
  resolved "https://registry.yarnpkg.com/@sixnetwork/caverjs-react-types/-/caverjs-react-types-1.0.1.tgz#3a7e09a8e8cfa33fe50eb0fa5226e74f74303d5d"
  integrity sha512-GEstchjp+YRkt48H2hxr7NAk6TBno0ZSRRoyXFl4ISm77ny6yLyx55EobwHnhH5m1YHe4qd6op2DSEvMWTlntg==
