# THIS IS AN AUTOGENERATED FILE. DO NOT EDIT THIS FILE DIRECTLY.
# yarn lockfile v1


"@sixnetwork/caverjs-react-types@^1.0.0":
  version "1.0.0"
  resolved "https://registry.yarnpkg.com/@sixnetwork/caverjs-react-types/-/caverjs-react-types-1.0.0.tgz#89b7960bea37764c12a9cad5fe9a70dc4475c5ba"
  integrity sha512-eFeP/FPjraQPPzwt6KFEv/W1OEWccu91sDC2KGP1VbmtDFwk5wEvjE0RcfWdI1kZcNCwCrSCxMX6oymrTYklcA==
