# THIS IS AN AUTOGENERATED FILE. DO NOT EDIT THIS FILE DIRECTLY.
# yarn lockfile v1


"@kanthakarn-test/caverjs-react-types@^1.0.0":
  "integrity" "sha512-CTYngKJO5iqq/E1QkLDUwpw+JMriot8uc2yIzo1RXhnImLJ7w8UL+b0DjQEN1VotN5KEFpaSXaV19TOoKoPphw=="
  "resolved" "https://registry.npmjs.org/@kanthakarn-test/caverjs-react-types/-/caverjs-react-types-1.0.0.tgz"
  "version" "1.0.0"
