# THIS IS AN AUTOGENERATED FILE. DO NOT EDIT THIS FILE DIRECTLY.
# yarn lockfile v1


"@sixnetwork/caverjs-react-abstract-connector@^1.0.1":
  version "1.0.1"
  resolved "https://registry.yarnpkg.com/@sixnetwork/caverjs-react-abstract-connector/-/caverjs-react-abstract-connector-1.0.1.tgz#d70934170b72e74495ecad5748fa0ab3a32a6c67"
  integrity sha512-JgSPC/erNIGhQJPpCROJyDfeokXoioa9kB4iWFsdfT5T3aYcn/0pOsdOZWmeefuzkYePCvWefnC90aQiI3D+MQ==
  dependencies:
    "@sixnetwork/caverjs-react-types" "^1.0.1"

"@sixnetwork/caverjs-react-types@^1.0.1":
  version "1.0.1"
  resolved "https://registry.yarnpkg.com/@sixnetwork/caverjs-react-types/-/caverjs-react-types-1.0.1.tgz#3a7e09a8e8cfa33fe50eb0fa5226e74f74303d5d"
  integrity sha512-GEstchjp+YRkt48H2hxr7NAk6TBno0ZSRRoyXFl4ISm77ny6yLyx55EobwHnhH5m1YHe4qd6op2DSEvMWTlntg==

"@types/node@*":
  version "15.12.4"
  resolved "https://registry.npmjs.org/@types/node/-/node-15.12.4.tgz"
  integrity sha512-zrNj1+yqYF4WskCMOHwN+w9iuD12+dGm0rQ35HLl9/Ouuq52cEtd0CH9qMgrdNmi5ejC1/V7vKEXYubB+65DkA==

"@types/qrcode@^1.4.0":
  version "1.4.0"
  resolved "https://registry.npmjs.org/@types/qrcode/-/qrcode-1.4.0.tgz"
  integrity sha512-BwDnCjdZKVOyy6+SPJ4ph+0DAftZGn5JFCY/MhetdEQ8yF6+YndhJWlfdBP8vtMe0w5/FH29Xi6bnEwVWkU1LQ==
  dependencies:
    "@types/node" "*"

axios@^0.21.1:
  version "0.21.1"
  resolved "https://registry.npmjs.org/axios/-/axios-0.21.1.tgz"
  integrity sha512-dKQiRHxGD9PPRIUNIWvZhPTPpl1rf/OxTYKsqKUDjBwYylTvV7SjSHJb9ratfyzM6wCdLCOYLzs73qpg5c4iGA==
  dependencies:
    follow-redirects "^1.10.0"

follow-redirects@^1.10.0:
  version "1.14.1"
  resolved "https://registry.npmjs.org/follow-redirects/-/follow-redirects-1.14.1.tgz"
  integrity sha512-HWqDgT7ZEkqRzBvc2s64vSZ/hfOceEol3ac/7tKwzuvEyWx3/4UegXh5oBOIotkGsObyk3xznnSRVADBgWSQVg==

lit-html@^1.4.1:
  version "1.4.1"
  resolved "https://registry.npmjs.org/lit-html/-/lit-html-1.4.1.tgz"
  integrity sha512-B9btcSgPYb1q4oSOb/PrOT6Z/H+r6xuNzfH4lFli/AWhYwdtrgQkQWBbIc6mdnf6E2IL3gDXdkkqNktpU0OZQA==

tiny-warning@^1.0.3:
  version "1.0.3"
  resolved "https://registry.npmjs.org/tiny-warning/-/tiny-warning-1.0.3.tgz"
  integrity sha512-lBN9zLN/oAf68o3zNXYrdCt1kP8WsiGW8Oo2ka41b2IM5JL/S1CTyX1rW0mb/zSuJun0ZUrDxx4sqvYS2FWzPA==
