{
  "name": "@sixnetwork/caverjs-react-network-connector",
  "version": "1.0.1",
  "lockfileVersion": 2,
  "requires": true,
  "packages": {
    "": {
      "name": "@sixnetwork/caverjs-react-network-connector",
      "version": "1.0.1",
      "license": "GPL-3.0-or-later",
      "dependencies": {
        "@sixnetwork/caverjs-react-abstract-connector": "^1.0.3",
        "@sixnetwork/caverjs-react-types": "^1.0.2",
        "tiny-invariant": "^1.0.6"
      }
    },
    "node_modules/@sixnetwork/caverjs-react-abstract-connector": {
      "version": "1.0.3",
      "resolved": "https://registry.npmjs.org/@sixnetwork/caverjs-react-abstract-connector/-/caverjs-react-abstract-connector-1.0.3.tgz",
      "integrity": "sha512-Iq+6wkJtDYBB79UZRwIMJfVILK13QYGqXqFBPiGH17ORATDLrzuDxbB5sNUPuu3WDX5WDpsx4jCsfVnGTpfYLw==",
      "dependencies": {
        "@sixnetwork/caverjs-react-types": "^1.0.2"
      }
    },
    "node_modules/@sixnetwork/caverjs-react-types": {
      "version": "1.0.2",
      "resolved": "https://registry.npmjs.org/@sixnetwork/caverjs-react-types/-/caverjs-react-types-1.0.2.tgz",
      "integrity": "sha512-8eINbxxA9WXDr0ywuA+qtOQz28HA80qHgj+E7JXQOMA1OzkhCYbi562Q5nwWqILNqieGODP9EbpCBn+t4lmMeg=="
    },
    "node_modules/tiny-invariant": {
      "version": "1.1.0",
      "resolved": "https://registry.npmjs.org/tiny-invariant/-/tiny-invariant-1.1.0.tgz",
      "integrity": "sha512-ytxQvrb1cPc9WBEI/HSeYYoGD0kWnGEOR8RY6KomWLBVhqz0RgTwVO9dLrGz7dC+nN9llyI7OKAgRq8Vq4ZBSw=="
    }
  },
  "dependencies": {
    "@sixnetwork/caverjs-react-abstract-connector": {
      "version": "1.0.3",
      "resolved": "https://registry.npmjs.org/@sixnetwork/caverjs-react-abstract-connector/-/caverjs-react-abstract-connector-1.0.3.tgz",
      "integrity": "sha512-Iq+6wkJtDYBB79UZRwIMJfVILK13QYGqXqFBPiGH17ORATDLrzuDxbB5sNUPuu3WDX5WDpsx4jCsfVnGTpfYLw==",
      "requires": {
        "@sixnetwork/caverjs-react-types": "^1.0.2"
      }
    },
    "@sixnetwork/caverjs-react-types": {
      "version": "1.0.2",
      "resolved": "https://registry.npmjs.org/@sixnetwork/caverjs-react-types/-/caverjs-react-types-1.0.2.tgz",
      "integrity": "sha512-8eINbxxA9WXDr0ywuA+qtOQz28HA80qHgj+E7JXQOMA1OzkhCYbi562Q5nwWqILNqieGODP9EbpCBn+t4lmMeg=="
    },
    "tiny-invariant": {
      "version": "1.1.0",
      "resolved": "https://registry.npmjs.org/tiny-invariant/-/tiny-invariant-1.1.0.tgz",
      "integrity": "sha512-ytxQvrb1cPc9WBEI/HSeYYoGD0kWnGEOR8RY6KomWLBVhqz0RgTwVO9dLrGz7dC+nN9llyI7OKAgRq8Vq4ZBSw=="
    }
  }
}
