{
  "name": "@sixnetwork/caverjs-react-injected-connector",
  "version": "1.0.5",
  "lockfileVersion": 2,
  "requires": true,
  "packages": {
    "": {
      "name": "@sixnetwork/caverjs-react-injected-connector",
      "version": "1.0.5",
      "license": "GPL-3.0-or-later",
      "dependencies": {
        "@sixnetwork/caverjs-react-abstract-connector": "^1.0.4",
        "@sixnetwork/caverjs-react-types": "^1.0.3",
        "tiny-warning": "^1.0.3"
      }
    },
    "node_modules/@sixnetwork/caverjs-react-abstract-connector": {
      "version": "1.0.4",
      "resolved": "https://registry.npmjs.org/@sixnetwork/caverjs-react-abstract-connector/-/caverjs-react-abstract-connector-1.0.4.tgz",
      "integrity": "sha512-ycrWxG7UDj2GqV9gEZDHHBDpYwq2l9VMcGWe3m3C4S1dItrGm5wggvmc8LHFZ+tMjyyMz4P8zTDzTbVu8A5D2Q==",
      "dependencies": {
        "@sixnetwork/caverjs-react-types": "^1.0.3"
      }
    },
    "node_modules/@sixnetwork/caverjs-react-types": {
      "version": "1.0.3",
      "resolved": "https://registry.npmjs.org/@sixnetwork/caverjs-react-types/-/caverjs-react-types-1.0.3.tgz",
      "integrity": "sha512-0A09AIhxypZ4qvsSE9EGsQPgzpuLRtf644xV/JDkpA7j1HhAcH3lZ/Lb0SOxiipHi9T6U/phAZLdRrL9euH/1w=="
    },
    "node_modules/tiny-warning": {
      "version": "1.0.3",
      "resolved": "https://registry.npmjs.org/tiny-warning/-/tiny-warning-1.0.3.tgz",
      "integrity": "sha512-lBN9zLN/oAf68o3zNXYrdCt1kP8WsiGW8Oo2ka41b2IM5JL/S1CTyX1rW0mb/zSuJun0ZUrDxx4sqvYS2FWzPA=="
    }
  },
  "dependencies": {
    "@sixnetwork/caverjs-react-abstract-connector": {
      "version": "1.0.4",
      "resolved": "https://registry.npmjs.org/@sixnetwork/caverjs-react-abstract-connector/-/caverjs-react-abstract-connector-1.0.4.tgz",
      "integrity": "sha512-ycrWxG7UDj2GqV9gEZDHHBDpYwq2l9VMcGWe3m3C4S1dItrGm5wggvmc8LHFZ+tMjyyMz4P8zTDzTbVu8A5D2Q==",
      "requires": {
        "@sixnetwork/caverjs-react-types": "^1.0.3"
      }
    },
    "@sixnetwork/caverjs-react-types": {
      "version": "1.0.3",
      "resolved": "https://registry.npmjs.org/@sixnetwork/caverjs-react-types/-/caverjs-react-types-1.0.3.tgz",
      "integrity": "sha512-0A09AIhxypZ4qvsSE9EGsQPgzpuLRtf644xV/JDkpA7j1HhAcH3lZ/Lb0SOxiipHi9T6U/phAZLdRrL9euH/1w=="
    },
    "tiny-warning": {
      "version": "1.0.3",
      "resolved": "https://registry.npmjs.org/tiny-warning/-/tiny-warning-1.0.3.tgz",
      "integrity": "sha512-lBN9zLN/oAf68o3zNXYrdCt1kP8WsiGW8Oo2ka41b2IM5JL/S1CTyX1rW0mb/zSuJun0ZUrDxx4sqvYS2FWzPA=="
    }
  }
}
