{
  "name": "@kanthakarn-test/caverjs-react-injected-connector",
  "version": "1.0.0",
  "lockfileVersion": 2,
  "requires": true,
  "packages": {
    "": {
      "name": "@kanthakarn-test/caverjs-react-injected-connector",
      "version": "1.0.0",
      "license": "GPL-3.0-or-later",
      "dependencies": {
        "@kanthakarn-test/caverjs-react-abstract-connector": "^1.0.0",
        "@kanthakarn-test/caverjs-react-types": "^1.0.0",
        "tiny-warning": "^1.0.3"
      }
    },
    "node_modules/@kanthakarn-test/caverjs-react-abstract-connector": {
      "version": "1.0.0",
      "resolved": "https://registry.npmjs.org/@kanthakarn-test/caverjs-react-abstract-connector/-/caverjs-react-abstract-connector-1.0.0.tgz",
      "integrity": "sha512-Gg9xkc4pTpZwYwchZ4M23sAhreF/qfxb2lIsvndCRtsCRXL3laBFTKfmoYpYf22qA1YQydKh0QWN0rfQdulyvw==",
      "dependencies": {
        "@kanthakarn-test/caverjs-react-types": "^1.0.0"
      }
    },
    "node_modules/@kanthakarn-test/caverjs-react-types": {
      "version": "1.0.0",
      "resolved": "https://registry.npmjs.org/@kanthakarn-test/caverjs-react-types/-/caverjs-react-types-1.0.0.tgz",
      "integrity": "sha512-CTYngKJO5iqq/E1QkLDUwpw+JMriot8uc2yIzo1RXhnImLJ7w8UL+b0DjQEN1VotN5KEFpaSXaV19TOoKoPphw=="
    },
    "node_modules/tiny-warning": {
      "version": "1.0.3",
      "resolved": "https://registry.npmjs.org/tiny-warning/-/tiny-warning-1.0.3.tgz",
      "integrity": "sha512-lBN9zLN/oAf68o3zNXYrdCt1kP8WsiGW8Oo2ka41b2IM5JL/S1CTyX1rW0mb/zSuJun0ZUrDxx4sqvYS2FWzPA=="
    }
  },
  "dependencies": {
    "@kanthakarn-test/caverjs-react-abstract-connector": {
      "version": "1.0.0",
      "resolved": "https://registry.npmjs.org/@kanthakarn-test/caverjs-react-abstract-connector/-/caverjs-react-abstract-connector-1.0.0.tgz",
      "integrity": "sha512-Gg9xkc4pTpZwYwchZ4M23sAhreF/qfxb2lIsvndCRtsCRXL3laBFTKfmoYpYf22qA1YQydKh0QWN0rfQdulyvw==",
      "requires": {
        "@kanthakarn-test/caverjs-react-types": "^1.0.0"
      }
    },
    "@kanthakarn-test/caverjs-react-types": {
      "version": "1.0.0",
      "resolved": "https://registry.npmjs.org/@kanthakarn-test/caverjs-react-types/-/caverjs-react-types-1.0.0.tgz",
      "integrity": "sha512-CTYngKJO5iqq/E1QkLDUwpw+JMriot8uc2yIzo1RXhnImLJ7w8UL+b0DjQEN1VotN5KEFpaSXaV19TOoKoPphw=="
    },
    "tiny-warning": {
      "version": "1.0.3",
      "resolved": "https://registry.npmjs.org/tiny-warning/-/tiny-warning-1.0.3.tgz",
      "integrity": "sha512-lBN9zLN/oAf68o3zNXYrdCt1kP8WsiGW8Oo2ka41b2IM5JL/S1CTyX1rW0mb/zSuJun0ZUrDxx4sqvYS2FWzPA=="
    }
  }
}
