# THIS IS AN AUTOGENERATED FILE. DO NOT EDIT THIS FILE DIRECTLY.
# yarn lockfile v1


"@kanthakarn-test/caverjs-react-abstract-connector@^1.0.0":
  "integrity" "sha512-Gg9xkc4pTpZwYwchZ4M23sAhreF/qfxb2lIsvndCRtsCRXL3laBFTKfmoYpYf22qA1YQydKh0QWN0rfQdulyvw=="
  "resolved" "https://registry.npmjs.org/@kanthakarn-test/caverjs-react-abstract-connector/-/caverjs-react-abstract-connector-1.0.0.tgz"
  "version" "1.0.0"
  dependencies:
    "@kanthakarn-test/caverjs-react-types" "^1.0.0"

"@kanthakarn-test/caverjs-react-types@^1.0.0":
  "integrity" "sha512-CTYngKJO5iqq/E1QkLDUwpw+JMriot8uc2yIzo1RXhnImLJ7w8UL+b0DjQEN1VotN5KEFpaSXaV19TOoKoPphw=="
  "resolved" "https://registry.npmjs.org/@kanthakarn-test/caverjs-react-types/-/caverjs-react-types-1.0.0.tgz"
  "version" "1.0.0"

"tiny-warning@^1.0.3":
  "integrity" "sha512-lBN9zLN/oAf68o3zNXYrdCt1kP8WsiGW8Oo2ka41b2IM5JL/S1CTyX1rW0mb/zSuJun0ZUrDxx4sqvYS2FWzPA=="
  "resolved" "https://registry.npmjs.org/tiny-warning/-/tiny-warning-1.0.3.tgz"
  "version" "1.0.3"
