# THIS IS AN AUTOGENERATED FILE. DO NOT EDIT THIS FILE DIRECTLY.
# yarn lockfile v1


"@sixnetwork/caverjs-react-abstract-connector@^1.0.3":
  "integrity" "sha512-Iq+6wkJtDYBB79UZRwIMJfVILK13QYGqXqFBPiGH17ORATDLrzuDxbB5sNUPuu3WDX5WDpsx4jCsfVnGTpfYLw=="
  "resolved" "https://registry.npmjs.org/@sixnetwork/caverjs-react-abstract-connector/-/caverjs-react-abstract-connector-1.0.3.tgz"
  "version" "1.0.3"
  dependencies:
    "@sixnetwork/caverjs-react-types" "^1.0.2"

"@sixnetwork/caverjs-react-types@^1.0.2":
  "integrity" "sha512-8eINbxxA9WXDr0ywuA+qtOQz28HA80qHgj+E7JXQOMA1OzkhCYbi562Q5nwWqILNqieGODP9EbpCBn+t4lmMeg=="
  "resolved" "https://registry.npmjs.org/@sixnetwork/caverjs-react-types/-/caverjs-react-types-1.0.2.tgz"
  "version" "1.0.2"

"tiny-warning@^1.0.3":
  "integrity" "sha512-lBN9zLN/oAf68o3zNXYrdCt1kP8WsiGW8Oo2ka41b2IM5JL/S1CTyX1rW0mb/zSuJun0ZUrDxx4sqvYS2FWzPA=="
  "resolved" "https://registry.npmjs.org/tiny-warning/-/tiny-warning-1.0.3.tgz"
  "version" "1.0.3"
