# THIS IS AN AUTOGENERATED FILE. DO NOT EDIT THIS FILE DIRECTLY.
# yarn lockfile v1


"@sixnetwork/caverjs-react-abstract-connector@^1.0.1":
  version "1.0.1"
  resolved "https://registry.yarnpkg.com/@sixnetwork/caverjs-react-abstract-connector/-/caverjs-react-abstract-connector-1.0.1.tgz#d70934170b72e74495ecad5748fa0ab3a32a6c67"
  integrity sha512-JgSPC/erNIGhQJPpCROJyDfeokXoioa9kB4iWFsdfT5T3aYcn/0pOsdOZWmeefuzkYePCvWefnC90aQiI3D+MQ==
  dependencies:
    "@sixnetwork/caverjs-react-types" "^1.0.1"

"@sixnetwork/caverjs-react-types@^1.0.1":
  version "1.0.1"
  resolved "https://registry.yarnpkg.com/@sixnetwork/caverjs-react-types/-/caverjs-react-types-1.0.1.tgz#3a7e09a8e8cfa33fe50eb0fa5226e74f74303d5d"
  integrity sha512-GEstchjp+YRkt48H2hxr7NAk6TBno0ZSRRoyXFl4ISm77ny6yLyx55EobwHnhH5m1YHe4qd6op2DSEvMWTlntg==

tiny-warning@^1.0.3:
  version "1.0.3"
  resolved "https://registry.yarnpkg.com/tiny-warning/-/tiny-warning-1.0.3.tgz#94a30db453df4c643d0fd566060d60a875d84754"
  integrity sha512-lBN9zLN/oAf68o3zNXYrdCt1kP8WsiGW8Oo2ka41b2IM5JL/S1CTyX1rW0mb/zSuJun0ZUrDxx4sqvYS2FWzPA==
