{
  "name": "@sixnetwork/caverjs-react-core",
  "version": "1.1.3",
  "lockfileVersion": 2,
  "requires": true,
  "packages": {
    "": {
      "name": "@sixnetwork/caverjs-react-core",
      "version": "1.1.3",
      "license": "GPL-3.0-or-later",
      "dependencies": {
        "@ethersproject/keccak256": "^5.1.0",
        "@sixnetwork/caverjs-react-abstract-connector": "^1.0.4",
        "@sixnetwork/caverjs-react-types": "^1.0.3",
        "tiny-invariant": "^1.0.6",
        "tiny-warning": "^1.0.3"
      },
      "peerDependencies": {
        "react": ">=16.8"
      }
    },
    "../../../definix-frontend/node_modules/react": {
      "version": "17.0.2",
      "extraneous": true,
      "license": "MIT",
      "dependencies": {
        "loose-envify": "^1.1.0",
        "object-assign": "^4.1.1"
      },
      "engines": {
        "node": ">=0.10.0"
      }
    },
    "../../../definix-frontend/node_modules/react-dom": {
      "version": "17.0.2",
      "extraneous": true,
      "license": "MIT",
      "dependencies": {
        "loose-envify": "^1.1.0",
        "object-assign": "^4.1.1",
        "scheduler": "^0.20.2"
      },
      "peerDependencies": {
        "react": "17.0.2"
      }
    },
    "../../../tmp/definix-frontend/node_modules/react": {
      "version": "17.0.2",
      "license": "MIT",
      "peer": true,
      "dependencies": {
        "loose-envify": "^1.1.0",
        "object-assign": "^4.1.1"
      },
      "engines": {
        "node": ">=0.10.0"
      }
    },
    "../../../tmp/definix-frontend/node_modules/react-dom": {
      "version": "17.0.2",
      "extraneous": true,
      "license": "MIT",
      "dependencies": {
        "loose-envify": "^1.1.0",
        "object-assign": "^4.1.1",
        "scheduler": "^0.20.2"
      },
      "peerDependencies": {
        "react": "17.0.2"
      }
    },
    "../../../tmp/react-modal-test/react-modal": {
      "name": "react-modal-test",
      "version": "1.0.0",
      "extraneous": true,
      "license": "MIT",
      "dependencies": {
        "@types/axios": "^0.14.0",
        "@types/qrcode": "^1.4.0",
        "qrcode": "^1.4.4"
      },
      "devDependencies": {
        "@testing-library/jest-dom": "^4.2.4",
        "@testing-library/react": "^9.5.0",
        "@testing-library/user-event": "^7.2.1",
        "@types/jest": "^25.1.4",
        "@types/node": "^12.12.38",
        "@types/react": "^16.9.27",
        "@types/react-dom": "^16.9.7",
        "@typescript-eslint/eslint-plugin": "^2.26.0",
        "@typescript-eslint/parser": "^2.26.0",
        "babel-eslint": "^10.0.3",
        "cross-env": "^7.0.2",
        "eslint": "^6.8.0",
        "eslint-config-prettier": "^6.7.0",
        "eslint-config-standard": "^14.1.0",
        "eslint-config-standard-react": "^9.2.0",
        "eslint-plugin-import": "^2.18.2",
        "eslint-plugin-node": "^11.0.0",
        "eslint-plugin-prettier": "^3.1.1",
        "eslint-plugin-promise": "^4.2.1",
        "eslint-plugin-react": "^7.17.0",
        "eslint-plugin-standard": "^4.0.1",
        "gh-pages": "^2.2.0",
        "microbundle-crl": "^0.13.10",
        "npm-run-all": "^4.1.5",
        "prettier": "^2.0.4",
        "react": "^16.13.1",
        "react-dom": "^16.13.1",
        "react-scripts": "^3.4.1",
        "typescript": "^3.7.5"
      },
      "engines": {
        "node": ">=10"
      },
      "peerDependencies": {
        "react": "^16.0.0"
      }
    },
    "node_modules/@ethersproject/bytes": {
      "version": "5.1.0",
      "resolved": "https://registry.npmjs.org/@ethersproject/bytes/-/bytes-5.1.0.tgz",
      "integrity": "sha512-sGTxb+LVjFxJcJeUswAIK6ncgOrh3D8c192iEJd7mLr95V6du119rRfYT/b87WPkZ5I3gRBUYIYXtdgCWACe8g==",
      "funding": [
        {
          "type": "individual",
          "url": "https://gitcoin.co/grants/13/ethersjs-complete-simple-and-tiny-2"
        },
        {
          "type": "individual",
          "url": "https://www.buymeacoffee.com/ricmoo"
        }
      ],
      "dependencies": {
        "@ethersproject/logger": "^5.1.0"
      }
    },
    "node_modules/@ethersproject/keccak256": {
      "version": "5.1.0",
      "resolved": "https://registry.npmjs.org/@ethersproject/keccak256/-/keccak256-5.1.0.tgz",
      "integrity": "sha512-vrTB1W6AEYoadww5c9UyVJ2YcSiyIUTNDRccZIgwTmFFoSHwBtcvG1hqy9RzJ1T0bMdATbM9Hfx2mJ6H0i7Hig==",
      "funding": [
        {
          "type": "individual",
          "url": "https://gitcoin.co/grants/13/ethersjs-complete-simple-and-tiny-2"
        },
        {
          "type": "individual",
          "url": "https://www.buymeacoffee.com/ricmoo"
        }
      ],
      "dependencies": {
        "@ethersproject/bytes": "^5.1.0",
        "js-sha3": "0.5.7"
      }
    },
    "node_modules/@ethersproject/logger": {
      "version": "5.1.0",
      "resolved": "https://registry.npmjs.org/@ethersproject/logger/-/logger-5.1.0.tgz",
      "integrity": "sha512-wtUaD1lBX10HBXjjKV9VHCBnTdUaKQnQ2XSET1ezglqLdPdllNOIlLfhyCRqXm5xwcjExVI5ETokOYfjPtaAlw==",
      "funding": [
        {
          "type": "individual",
          "url": "https://gitcoin.co/grants/13/ethersjs-complete-simple-and-tiny-2"
        },
        {
          "type": "individual",
          "url": "https://www.buymeacoffee.com/ricmoo"
        }
      ]
    },
    "node_modules/@sixnetwork/caverjs-react-abstract-connector": {
      "version": "1.0.4",
      "resolved": "https://registry.npmjs.org/@sixnetwork/caverjs-react-abstract-connector/-/caverjs-react-abstract-connector-1.0.4.tgz",
      "integrity": "sha512-ycrWxG7UDj2GqV9gEZDHHBDpYwq2l9VMcGWe3m3C4S1dItrGm5wggvmc8LHFZ+tMjyyMz4P8zTDzTbVu8A5D2Q==",
      "dependencies": {
        "@sixnetwork/caverjs-react-types": "^1.0.3"
      }
    },
    "node_modules/@sixnetwork/caverjs-react-types": {
      "version": "1.0.3",
      "resolved": "https://registry.npmjs.org/@sixnetwork/caverjs-react-types/-/caverjs-react-types-1.0.3.tgz",
      "integrity": "sha512-0A09AIhxypZ4qvsSE9EGsQPgzpuLRtf644xV/JDkpA7j1HhAcH3lZ/Lb0SOxiipHi9T6U/phAZLdRrL9euH/1w=="
    },
    "node_modules/js-sha3": {
      "version": "0.5.7",
      "resolved": "https://registry.npmjs.org/js-sha3/-/js-sha3-0.5.7.tgz",
      "integrity": "sha1-DU/9gALVMzqrr0oj7tL2N0yfKOc="
    },
    "node_modules/react": {
      "resolved": "../../../tmp/definix-frontend/node_modules/react",
      "link": true
    },
    "node_modules/tiny-invariant": {
      "version": "1.1.0",
      "resolved": "https://registry.npmjs.org/tiny-invariant/-/tiny-invariant-1.1.0.tgz",
      "integrity": "sha512-ytxQvrb1cPc9WBEI/HSeYYoGD0kWnGEOR8RY6KomWLBVhqz0RgTwVO9dLrGz7dC+nN9llyI7OKAgRq8Vq4ZBSw=="
    },
    "node_modules/tiny-warning": {
      "version": "1.0.3",
      "resolved": "https://registry.npmjs.org/tiny-warning/-/tiny-warning-1.0.3.tgz",
      "integrity": "sha512-lBN9zLN/oAf68o3zNXYrdCt1kP8WsiGW8Oo2ka41b2IM5JL/S1CTyX1rW0mb/zSuJun0ZUrDxx4sqvYS2FWzPA=="
    }
  },
  "dependencies": {
    "@ethersproject/bytes": {
      "version": "5.1.0",
      "resolved": "https://registry.npmjs.org/@ethersproject/bytes/-/bytes-5.1.0.tgz",
      "integrity": "sha512-sGTxb+LVjFxJcJeUswAIK6ncgOrh3D8c192iEJd7mLr95V6du119rRfYT/b87WPkZ5I3gRBUYIYXtdgCWACe8g==",
      "requires": {
        "@ethersproject/logger": "^5.1.0"
      }
    },
    "@ethersproject/keccak256": {
      "version": "5.1.0",
      "resolved": "https://registry.npmjs.org/@ethersproject/keccak256/-/keccak256-5.1.0.tgz",
      "integrity": "sha512-vrTB1W6AEYoadww5c9UyVJ2YcSiyIUTNDRccZIgwTmFFoSHwBtcvG1hqy9RzJ1T0bMdATbM9Hfx2mJ6H0i7Hig==",
      "requires": {
        "@ethersproject/bytes": "^5.1.0",
        "js-sha3": "0.5.7"
      }
    },
    "@ethersproject/logger": {
      "version": "5.1.0",
      "resolved": "https://registry.npmjs.org/@ethersproject/logger/-/logger-5.1.0.tgz",
      "integrity": "sha512-wtUaD1lBX10HBXjjKV9VHCBnTdUaKQnQ2XSET1ezglqLdPdllNOIlLfhyCRqXm5xwcjExVI5ETokOYfjPtaAlw=="
    },
    "@sixnetwork/caverjs-react-abstract-connector": {
      "version": "1.0.4",
      "resolved": "https://registry.npmjs.org/@sixnetwork/caverjs-react-abstract-connector/-/caverjs-react-abstract-connector-1.0.4.tgz",
      "integrity": "sha512-ycrWxG7UDj2GqV9gEZDHHBDpYwq2l9VMcGWe3m3C4S1dItrGm5wggvmc8LHFZ+tMjyyMz4P8zTDzTbVu8A5D2Q==",
      "requires": {
        "@sixnetwork/caverjs-react-types": "^1.0.3"
      }
    },
    "@sixnetwork/caverjs-react-types": {
      "version": "1.0.3",
      "resolved": "https://registry.npmjs.org/@sixnetwork/caverjs-react-types/-/caverjs-react-types-1.0.3.tgz",
      "integrity": "sha512-0A09AIhxypZ4qvsSE9EGsQPgzpuLRtf644xV/JDkpA7j1HhAcH3lZ/Lb0SOxiipHi9T6U/phAZLdRrL9euH/1w=="
    },
    "js-sha3": {
      "version": "0.5.7",
      "resolved": "https://registry.npmjs.org/js-sha3/-/js-sha3-0.5.7.tgz",
      "integrity": "sha1-DU/9gALVMzqrr0oj7tL2N0yfKOc="
    },
    "react": {
      "version": "file:../../../tmp/definix-frontend/node_modules/react",
      "requires": {
        "loose-envify": "^1.1.0",
        "object-assign": "^4.1.1"
      }
    },
    "tiny-invariant": {
      "version": "1.1.0",
      "resolved": "https://registry.npmjs.org/tiny-invariant/-/tiny-invariant-1.1.0.tgz",
      "integrity": "sha512-ytxQvrb1cPc9WBEI/HSeYYoGD0kWnGEOR8RY6KomWLBVhqz0RgTwVO9dLrGz7dC+nN9llyI7OKAgRq8Vq4ZBSw=="
    },
    "tiny-warning": {
      "version": "1.0.3",
      "resolved": "https://registry.npmjs.org/tiny-warning/-/tiny-warning-1.0.3.tgz",
      "integrity": "sha512-lBN9zLN/oAf68o3zNXYrdCt1kP8WsiGW8Oo2ka41b2IM5JL/S1CTyX1rW0mb/zSuJun0ZUrDxx4sqvYS2FWzPA=="
    }
  }
}
