# THIS IS AN AUTOGENERATED FILE. DO NOT EDIT THIS FILE DIRECTLY.
# yarn lockfile v1


"@ethersproject/bytes@^5.1.0":
  "integrity" "sha512-sGTxb+LVjFxJcJeUswAIK6ncgOrh3D8c192iEJd7mLr95V6du119rRfYT/b87WPkZ5I3gRBUYIYXtdgCWACe8g=="
  "resolved" "https://registry.npmjs.org/@ethersproject/bytes/-/bytes-5.1.0.tgz"
  "version" "5.1.0"
  dependencies:
    "@ethersproject/logger" "^5.1.0"

"@ethersproject/keccak256@^5.1.0":
  "integrity" "sha512-vrTB1W6AEYoadww5c9UyVJ2YcSiyIUTNDRccZIgwTmFFoSHwBtcvG1hqy9RzJ1T0bMdATbM9Hfx2mJ6H0i7Hig=="
  "resolved" "https://registry.npmjs.org/@ethersproject/keccak256/-/keccak256-5.1.0.tgz"
  "version" "5.1.0"
  dependencies:
    "@ethersproject/bytes" "^5.1.0"
    "js-sha3" "0.5.7"

"@ethersproject/logger@^5.1.0":
  "integrity" "sha512-wtUaD1lBX10HBXjjKV9VHCBnTdUaKQnQ2XSET1ezglqLdPdllNOIlLfhyCRqXm5xwcjExVI5ETokOYfjPtaAlw=="
  "resolved" "https://registry.npmjs.org/@ethersproject/logger/-/logger-5.1.0.tgz"
  "version" "5.1.0"

"caverjs-react-abstract-connector@^1.0.0":
  "integrity" "sha512-Eq6Lh7rFiXWWuG07KbBRYH++yhaO0RHwm4LGWVZV3qBHbLURm1ZWDrz/cGft6xFAF+blkPIR5VGM9Yy3ndnqlg=="
  "resolved" "https://registry.npmjs.org/caverjs-react-abstract-connector/-/caverjs-react-abstract-connector-1.0.0.tgz"
  "version" "1.0.0"
  dependencies:
    "caverjs-react-types" "^1.0.0"

"caverjs-react-types@^1.0.0":
  "integrity" "sha512-6K3KU5xeubLjS9XnexAmSSDe7b2wlgTBJexQ2HRFcatcEzlet6u0kmGaV56uQTe8GC6olB95kM79JsMwSahQIw=="
  "resolved" "https://registry.npmjs.org/caverjs-react-types/-/caverjs-react-types-1.0.0.tgz"
  "version" "1.0.0"

"js-sha3@0.5.7":
  "integrity" "sha1-DU/9gALVMzqrr0oj7tL2N0yfKOc="
  "resolved" "https://registry.npmjs.org/js-sha3/-/js-sha3-0.5.7.tgz"
  "version" "0.5.7"

"react-dom@file:../../../tmp/definix-frontend/node_modules/react-dom":
  "resolved" "file:../../../tmp/definix-frontend/node_modules/react-dom"
  "version" "17.0.2"
  dependencies:
    "loose-envify" "^1.1.0"
    "object-assign" "^4.1.1"
    "scheduler" "^0.20.2"

"react@file:../../../tmp/definix-frontend/node_modules/react":
  "resolved" "file:../../../tmp/definix-frontend/node_modules/react"
  "version" "17.0.2"
  dependencies:
    "loose-envify" "^1.1.0"
    "object-assign" "^4.1.1"

"tiny-invariant@^1.0.6":
  "integrity" "sha512-ytxQvrb1cPc9WBEI/HSeYYoGD0kWnGEOR8RY6KomWLBVhqz0RgTwVO9dLrGz7dC+nN9llyI7OKAgRq8Vq4ZBSw=="
  "resolved" "https://registry.npmjs.org/tiny-invariant/-/tiny-invariant-1.1.0.tgz"
  "version" "1.1.0"

"tiny-warning@^1.0.3":
  "integrity" "sha512-lBN9zLN/oAf68o3zNXYrdCt1kP8WsiGW8Oo2ka41b2IM5JL/S1CTyX1rW0mb/zSuJun0ZUrDxx4sqvYS2FWzPA=="
  "resolved" "https://registry.npmjs.org/tiny-warning/-/tiny-warning-1.0.3.tgz"
  "version" "1.0.3"
